
Microsoft Visual Studio Solution File, Format Version 12.00
# Visual Studio Version 16
VisualStudioVersion = 16.0.30503.244
MinimumVisualStudioVersion = 10.0.40219.1
Project("{FAE04EC0-301F-11D3-BF4B-00C04F79EFBC}") = "Minimum Moves to Equal Array Elements II", "Minimum Moves to Equal Array Elements II\Minimum Moves to Equal Array Elements II.csproj", "{FCC97599-662A-46C7-9BB4-292297B4BE20}"
EndProject
Global
	GlobalSection(SolutionConfigurationPlatforms) = preSolution
		Debug|Any CPU = Debug|Any CPU
		Release|Any CPU = Release|Any CPU
	EndGlobalSection
	GlobalSection(ProjectConfigurationPlatforms) = postSolution
		{FCC97599-662A-46C7-9BB4-292297B4BE20}.Debug|Any CPU.ActiveCfg = Debug|Any CPU
		{FCC97599-662A-46C7-9BB4-292297B4BE20}.Debug|Any CPU.Build.0 = Debug|Any CPU
		{FCC97599-662A-46C7-9BB4-292297B4BE20}.Release|Any CPU.ActiveCfg = Release|Any CPU
		{FCC97599-662A-46C7-9BB4-292297B4BE20}.Release|Any CPU.Build.0 = Release|Any CPU
	EndGlobalSection
	GlobalSection(SolutionProperties) = preSolution
		HideSolutionNode = FALSE
	EndGlobalSection
	GlobalSection(ExtensibilityGlobals) = postSolution
		SolutionGuid = {E1A1020A-0314-4D3D-90E5-EACA7412756C}
	EndGlobalSection
EndGlobal
